{
  "nodes": {
    "cereal": {
      "flake": false,
      "locked": {
        "lastModified": 1660071359,
        "narHash": "sha256-1CEEynJBeSz+zeNSy8uJ4qdOYz93jvIJJB7MBQRA99I=",
        "owner": "GaloisInc",
        "repo": "cereal",
        "rev": "c188f3d45ab4245c962975ac237e13c85aeb7136",
        "type": "github"
      },
      "original": {
        "owner": "GaloisInc",
        "repo": "cereal",
        "type": "github"
      }
    },
    "flake-parts": {
      "inputs": {
        "nixpkgs": [
          "nixpkgs"
        ]
      },
      "locked": {
        "lastModified": 1657102481,
        "narHash": "sha256-62Fuw8JgPub38OdgNefkIKOodM9nC3M0AG6lS+7smf4=",
        "owner": "hercules-ci",
        "repo": "flake-parts",
        "rev": "608ed3502263d6f4f886d75c48fc2b444a4ab8d8",
        "type": "github"
      },
      "original": {
        "owner": "hercules-ci",
        "repo": "flake-parts",
        "type": "github"
      }
    },
    "flake-parts_2": {
      "inputs": {
        "nixpkgs": [
          "hs-techlab-platform",
          "nixpkgs"
        ]
      },
      "locked": {
        "lastModified": 1657102481,
        "narHash": "sha256-62Fuw8JgPub38OdgNefkIKOodM9nC3M0AG6lS+7smf4=",
        "owner": "hercules-ci",
        "repo": "flake-parts",
        "rev": "608ed3502263d6f4f886d75c48fc2b444a4ab8d8",
        "type": "github"
      },
      "original": {
        "owner": "hercules-ci",
        "repo": "flake-parts",
        "type": "github"
      }
    },
    "flake-utils": {
      "locked": {
        "lastModified": 1659877975,
        "narHash": "sha256-zllb8aq3YO3h8B/U0/J1WBgAL8EX5yWf5pMj3G0NAmc=",
        "owner": "numtide",
        "repo": "flake-utils",
        "rev": "c0e246b9b83f637f4681389ecabcb2681b4f3af0",
        "type": "github"
      },
      "original": {
        "id": "flake-utils",
        "type": "indirect"
      }
    },
    "flake-utils_2": {
      "locked": {
        "lastModified": 1644229661,
        "narHash": "sha256-1YdnJAsNy69bpcjuoKdOYQX0YxZBiCYZo4Twxerqv7k=",
        "owner": "numtide",
        "repo": "flake-utils",
        "rev": "3cecb5b042f7f209c56ffd8371b2711a290ec797",
        "type": "github"
      },
      "original": {
        "owner": "numtide",
        "repo": "flake-utils",
        "type": "github"
      }
    },
    "flake-utils_3": {
      "locked": {
        "lastModified": 1644229661,
        "narHash": "sha256-1YdnJAsNy69bpcjuoKdOYQX0YxZBiCYZo4Twxerqv7k=",
        "owner": "numtide",
        "repo": "flake-utils",
        "rev": "3cecb5b042f7f209c56ffd8371b2711a290ec797",
        "type": "github"
      },
      "original": {
        "owner": "numtide",
        "repo": "flake-utils",
        "type": "github"
      }
    },
    "foundation": {
      "flake": false,
      "locked": {
        "lastModified": 1653349151,
        "narHash": "sha256-W19+xRxbJ3weRuayuXhkwWX6R6cil2dKZSkMmwH+ox8=",
        "owner": "parsonsmatt",
        "repo": "foundation",
        "rev": "8166c31a115521f2ce5fabfba8247982979eeebf",
        "type": "github"
      },
      "original": {
        "owner": "parsonsmatt",
        "repo": "foundation",
        "type": "github"
      }
    },
    "ghc-tcplugins-extra": {
      "flake": false,
      "locked": {
        "lastModified": 1657981318,
        "narHash": "sha256-PRHBLEWy93hsxh805w5spq1+EZ2h6LQq+fyrF9GF6jg=",
        "owner": "clash-lang",
        "repo": "ghc-tcplugins-extra",
        "rev": "8852d8ad94effa39e3400a243b21ae444df6c69e",
        "type": "github"
      },
      "original": {
        "owner": "clash-lang",
        "repo": "ghc-tcplugins-extra",
        "rev": "8852d8ad94effa39e3400a243b21ae444df6c69e",
        "type": "github"
      }
    },
    "hashable": {
      "flake": false,
      "locked": {
        "lastModified": 1660124057,
        "narHash": "sha256-ixWGWClYvVZJwpExYrUWiejVMZniape5q0Gd3uV6mfY=",
        "owner": "haskell-unordered-containers",
        "repo": "hashable",
        "rev": "18138a173a7659e390ba4c026f9ceb1cd850b80e",
        "type": "github"
      },
      "original": {
        "owner": "haskell-unordered-containers",
        "repo": "hashable",
        "type": "github"
      }
    },
    "haskell-flake": {
      "locked": {
        "lastModified": 1660319056,
        "narHash": "sha256-MX6PLEtXVyXXUEk3t1e0c20XRL4m4u9TFET2X0TpTdE=",
        "owner": "srid",
        "repo": "haskell-flake",
        "rev": "1ca2be3c354ef2a3296cac7e54ae21e1d6ead6d7",
        "type": "github"
      },
      "original": {
        "owner": "srid",
        "repo": "haskell-flake",
        "type": "github"
      }
    },
    "haskell-flake_2": {
      "locked": {
        "lastModified": 1660319056,
        "narHash": "sha256-MX6PLEtXVyXXUEk3t1e0c20XRL4m4u9TFET2X0TpTdE=",
        "owner": "srid",
        "repo": "haskell-flake",
        "rev": "1ca2be3c354ef2a3296cac7e54ae21e1d6ead6d7",
        "type": "github"
      },
      "original": {
        "owner": "srid",
        "repo": "haskell-flake",
        "type": "github"
      }
    },
    "hs-techlab-platform": {
      "inputs": {
        "cereal": "cereal",
        "flake-parts": "flake-parts_2",
        "flake-utils": "flake-utils",
        "foundation": "foundation",
        "ghc-tcplugins-extra": "ghc-tcplugins-extra",
        "hashable": "hashable",
        "haskell-flake": "haskell-flake_2",
        "integer-logarithms": "integer-logarithms",
        "lint-utils": "lint-utils",
        "memory": "memory",
        "nixpkgs": "nixpkgs_2"
      },
      "locked": {
        "lastModified": 1660988713,
        "narHash": "sha256-Wkp1xdurbZEnvRh4opFdI7doJK7v+kAWZerQ/Cj+608=",
        "ref": "refs/heads/master",
        "rev": "d5c87890888c8acfb42feab5493f6ccb37f3268c",
        "revCount": 3,
        "type": "git",
        "url": "https://gitlab.homotopic.tech/nix/hs-techlab-platform/ghc-9.4"
      },
      "original": {
        "type": "git",
        "url": "https://gitlab.homotopic.tech/nix/hs-techlab-platform/ghc-9.4"
      }
    },
    "integer-logarithms": {
      "flake": false,
      "locked": {
        "lastModified": 1660123968,
        "narHash": "sha256-2kekA7iAFDjgOV1ixhNBkuCUVEF3wZW5UGoQyb8jZUw=",
        "owner": "haskellari",
        "repo": "integer-logarithms",
        "rev": "28a78aa2cafe12cf0b1f63c684be4fdf552afc61",
        "type": "github"
      },
      "original": {
        "owner": "haskellari",
        "repo": "integer-logarithms",
        "type": "github"
      }
    },
    "lint-utils": {
      "inputs": {
        "flake-utils": "flake-utils_2",
        "nixpkgs": "nixpkgs"
      },
      "locked": {
        "lastModified": 1655192403,
        "narHash": "sha256-XyKDvRGDh8VXA6zN8DUTnDaTMrk0MxMKg70MaAX1A2Y=",
        "ref": "refs/heads/master",
        "rev": "a7ae54afdc4c05a5aabf202d5a76d02705eb6147",
        "revCount": 28,
        "type": "git",
        "url": "https://gitlab.homotopic.tech/nix/lint-utils"
      },
      "original": {
        "type": "git",
        "url": "https://gitlab.homotopic.tech/nix/lint-utils"
      }
    },
    "lint-utils_2": {
      "inputs": {
        "flake-utils": "flake-utils_3",
        "nixpkgs": "nixpkgs_3"
      },
      "locked": {
        "lastModified": 1652186144,
        "narHash": "sha256-zJyyaASu/iZAcxwXMwYHjv6U8kr6bEisF0RvRoLR5wk=",
        "ref": "refs/heads/master",
        "rev": "ac0c7f9839ec2479f45dc37ece1d8a531ca008b4",
        "revCount": 24,
        "type": "git",
        "url": "https://gitlab.homotopic.tech/nix/lint-utils"
      },
      "original": {
        "type": "git",
        "url": "https://gitlab.homotopic.tech/nix/lint-utils"
      }
    },
    "memory": {
      "flake": false,
      "locked": {
        "lastModified": 1653425739,
        "narHash": "sha256-X4XcCEouvpX19d1dr3eg3L6s/aaRccuAsl980/FrRmE=",
        "owner": "parsonsmatt",
        "repo": "hs-memory",
        "rev": "0f760c8ba0b7d5aacf04a7294e87e5e4fff53f40",
        "type": "github"
      },
      "original": {
        "owner": "parsonsmatt",
        "repo": "hs-memory",
        "rev": "0f760c8ba0b7d5aacf04a7294e87e5e4fff53f40",
        "type": "github"
      }
    },
    "nixpkgs": {
      "locked": {
        "lastModified": 1644525281,
        "narHash": "sha256-D3VuWLdnLmAXIkooWAtbTGSQI9Fc1lkvAr94wTxhnTU=",
        "owner": "NixOS",
        "repo": "nixpkgs",
        "rev": "48d63e924a2666baf37f4f14a18f19347fbd54a2",
        "type": "github"
      },
      "original": {
        "owner": "NixOS",
        "ref": "nixos-unstable",
        "repo": "nixpkgs",
        "type": "github"
      }
    },
    "nixpkgs_2": {
      "locked": {
        "lastModified": 1660936389,
        "narHash": "sha256-GZcCsjq8EUA65MXdPQDvZdXkKcuhCnlvaSBpS/aqFwY=",
        "owner": "nixos",
        "repo": "nixpkgs",
        "rev": "921b28fa6ed61f6275fdebfec25b630dd1e4f378",
        "type": "github"
      },
      "original": {
        "owner": "nixos",
        "ref": "nixpkgs-unstable",
        "repo": "nixpkgs",
        "type": "github"
      }
    },
    "nixpkgs_3": {
      "locked": {
        "lastModified": 1644525281,
        "narHash": "sha256-D3VuWLdnLmAXIkooWAtbTGSQI9Fc1lkvAr94wTxhnTU=",
        "owner": "NixOS",
        "repo": "nixpkgs",
        "rev": "48d63e924a2666baf37f4f14a18f19347fbd54a2",
        "type": "github"
      },
      "original": {
        "owner": "NixOS",
        "ref": "nixos-unstable",
        "repo": "nixpkgs",
        "type": "github"
      }
    },
    "nixpkgs_4": {
      "locked": {
        "lastModified": 1660936389,
        "narHash": "sha256-GZcCsjq8EUA65MXdPQDvZdXkKcuhCnlvaSBpS/aqFwY=",
        "owner": "nixos",
        "repo": "nixpkgs",
        "rev": "921b28fa6ed61f6275fdebfec25b630dd1e4f378",
        "type": "github"
      },
      "original": {
        "owner": "nixos",
        "ref": "nixpkgs-unstable",
        "repo": "nixpkgs",
        "type": "github"
      }
    },
    "root": {
      "inputs": {
        "flake-parts": "flake-parts",
        "haskell-flake": "haskell-flake",
        "hs-techlab-platform": "hs-techlab-platform",
        "lint-utils": "lint-utils_2",
        "nixpkgs": "nixpkgs_4"
      }
    }
  },
  "root": "root",
  "version": 7
}
