# This file was autogenerated by Stack.
# You should not edit this file by hand.
# For more information, please see the documentation at:
#   https://docs.haskellstack.org/en/stable/lock_files

packages: []
snapshots:
- completed:
    sha256: a3caecc996b1e5406de3b1afa3d6c0ebbc7225d990d3372593207d23988b37ea
    size: 630639
    url: https://raw.githubusercontent.com/commercialhaskell/stackage-snapshots/master/nightly/2022/8/16.yaml
  original: nightly-2022-08-16
