# This file was autogenerated by Stack.
# You should not edit this file by hand.
# For more information, please see the documentation at:
#   https://docs.haskellstack.org/en/stable/lock_files

packages: []
snapshots:
- completed:
    size: 580404
    url: https://raw.githubusercontent.com/commercialhaskell/stackage-snapshots/master/nightly/2021/9/10.yaml
    sha256: 7bfd37be82f9c685618d08b827c7ad70fb056a1a4a86e757e90191d8a4eac912
  original: nightly-2021-09-10
